
Microsoft Visual Studio Solution File, Format Version 12.00
# Visual Studio Version 17
VisualStudioVersion = 17.9.34622.214
MinimumVisualStudioVersion = 10.0.40219.1
Project("{FAE04EC0-301F-11D3-BF4B-00C04F79EFBC}") = "Task1", "Task1.csproj", "{3AE2928F-DDD9-4A33-9727-B4F453DAECB0}"
EndProject
Global
	GlobalSection(SolutionConfigurationPlatforms) = preSolution
		Debug|Any CPU = Debug|Any CPU
		Release|Any CPU = Release|Any CPU
	EndGlobalSection
	GlobalSection(ProjectConfigurationPlatforms) = postSolution
		{3AE2928F-DDD9-4A33-9727-B4F453DAECB0}.Debug|Any CPU.ActiveCfg = Debug|Any CPU
		{3AE2928F-DDD9-4A33-9727-B4F453DAECB0}.Debug|Any CPU.Build.0 = Debug|Any CPU
		{3AE2928F-DDD9-4A33-9727-B4F453DAECB0}.Release|Any CPU.ActiveCfg = Release|Any CPU
		{3AE2928F-DDD9-4A33-9727-B4F453DAECB0}.Release|Any CPU.Build.0 = Release|Any CPU
	EndGlobalSection
	GlobalSection(SolutionProperties) = preSolution
		HideSolutionNode = FALSE
	EndGlobalSection
	GlobalSection(ExtensibilityGlobals) = postSolution
		SolutionGuid = {D935EEBE-1CA6-4A99-ABAE-47CD04E12F7C}
	EndGlobalSection
EndGlobal
